// !$*UTF8*$!
{
	archiveVersion = 1;
	classes = {
	};
	objectVersion = 50;
	objects = {

/* Begin PBXBuildFile section */
		9810CF4F26AF6E6900442CD1 /* AppDelegate.swift in Sources */ = {isa = PBXBuildFile; fileRef = 9810CF4E26AF6E6900442CD1 /* AppDelegate.swift */; };
		9810CF5126AF6E6900442CD1 /* SceneDelegate.swift in Sources */ = {isa = PBXBuildFile; fileRef = 9810CF5026AF6E6900442CD1 /* SceneDelegate.swift */; };
		9810CF5326AF6E6900442CD1 /* HomeViewController.swift in Sources */ = {isa = PBXBuildFile; fileRef = 9810CF5226AF6E6900442CD1 /* HomeViewController.swift */; };
		9810CF5626AF6E6900442CD1 /* Main.storyboard in Resources */ = {isa = PBXBuildFile; fileRef = 9810CF5426AF6E6900442CD1 /* Main.storyboard */; };
		9810CF5826AF6E6F00442CD1 /* Assets.xcassets in Resources */ = {isa = PBXBuildFile; fileRef = 9810CF5726AF6E6F00442CD1 /* Assets.xcassets */; };
		9810CF5B26AF6E6F00442CD1 /* LaunchScreen.storyboard in Resources */ = {isa = PBXBuildFile; fileRef = 9810CF5926AF6E6F00442CD1 /* LaunchScreen.storyboard */; };
		9810CF6626AF6E7000442CD1 /* WNHL_AppTests.swift in Sources */ = {isa = PBXBuildFile; fileRef = 9810CF6526AF6E7000442CD1 /* WNHL_AppTests.swift */; };
		9810CF7126AF6E7000442CD1 /* WNHL_AppUITests.swift in Sources */ = {isa = PBXBuildFile; fileRef = 9810CF7026AF6E7000442CD1 /* WNHL_AppUITests.swift */; };
		9810CF8126B7BB0900442CD1 /* MoreViewController.swift in Sources */ = {isa = PBXBuildFile; fileRef = 9810CF8026B7BB0900442CD1 /* MoreViewController.swift */; };
		9810CF8526B9B78500442CD1 /* TeamsViewController.swift in Sources */ = {isa = PBXBuildFile; fileRef = 9810CF8426B9B78500442CD1 /* TeamsViewController.swift */; };
		9810CF8726B9B7AE00442CD1 /* StandingsViewController.swift in Sources */ = {isa = PBXBuildFile; fileRef = 9810CF8626B9B7AE00442CD1 /* StandingsViewController.swift */; };
		9827C6BD26D482CE005A062B /* TeamTableViewController.swift in Sources */ = {isa = PBXBuildFile; fileRef = 9827C6BC26D482CE005A062B /* TeamTableViewController.swift */; };
		9827C6BF26D4AFCC005A062B /* ScheduleTableViewController.swift in Sources */ = {isa = PBXBuildFile; fileRef = 9827C6BE26D4AFCC005A062B /* ScheduleTableViewController.swift */; };
		9827C6C326D4E39C005A062B /* CustomTableCells.swift in Sources */ = {isa = PBXBuildFile; fileRef = 9827C6C226D4E39C005A062B /* CustomTableCells.swift */; };
		982E765C26D5D9FD0050F2DA /* MoreTableViewController.swift in Sources */ = {isa = PBXBuildFile; fileRef = 982E765B26D5D9FD0050F2DA /* MoreTableViewController.swift */; };
		982E766026D5FBC60050F2DA /* PlayersViewController.swift in Sources */ = {isa = PBXBuildFile; fileRef = 982E765F26D5FBC60050F2DA /* PlayersViewController.swift */; };
		982E766226D5FE2D0050F2DA /* PlayersTableViewController.swift in Sources */ = {isa = PBXBuildFile; fileRef = 982E766126D5FE2D0050F2DA /* PlayersTableViewController.swift */; };
		9867B90C26DA0C2E008E09B8 /* SinglePlayerViewController.swift in Sources */ = {isa = PBXBuildFile; fileRef = 9867B90B26DA0C2D008E09B8 /* SinglePlayerViewController.swift */; };
		9867B90E26DA13F0008E09B8 /* SinglePlayerBackViewController.swift in Sources */ = {isa = PBXBuildFile; fileRef = 9867B90D26DA13F0008E09B8 /* SinglePlayerBackViewController.swift */; };
		98A4D76726D853A100F77529 /* UpdateViewController.swift in Sources */ = {isa = PBXBuildFile; fileRef = 98A4D76626D853A100F77529 /* UpdateViewController.swift */; };
		98A4D76926D853B800F77529 /* UpdateTableViewController.swift in Sources */ = {isa = PBXBuildFile; fileRef = 98A4D76826D853B800F77529 /* UpdateTableViewController.swift */; };
		98A4D76B26D875F800F77529 /* SingleTeamViewController.swift in Sources */ = {isa = PBXBuildFile; fileRef = 98A4D76A26D875F800F77529 /* SingleTeamViewController.swift */; };
		98A4D76D26D8A85400F77529 /* FirstSingleTeamSpreadsheetViewController.swift in Sources */ = {isa = PBXBuildFile; fileRef = 98A4D76C26D8A85400F77529 /* FirstSingleTeamSpreadsheetViewController.swift */; };
		98A4D76F26D8AA2800F77529 /* SingleTeamTableViewController.swift in Sources */ = {isa = PBXBuildFile; fileRef = 98A4D76E26D8AA2800F77529 /* SingleTeamTableViewController.swift */; };
		98A4D77126D8B7B500F77529 /* SecondSingleTeamSpreadsheetViewController.swift in Sources */ = {isa = PBXBuildFile; fileRef = 98A4D77026D8B7B500F77529 /* SecondSingleTeamSpreadsheetViewController.swift */; };
		98C3987226C472D7007D226E /* CustomCollectionViewCells.swift in Sources */ = {isa = PBXBuildFile; fileRef = 98C3987126C472D7007D226E /* CustomCollectionViewCells.swift */; };
		98C3987626C476F9007D226E /* SpreadsheetViewController.swift in Sources */ = {isa = PBXBuildFile; fileRef = 98C3987526C476F9007D226E /* SpreadsheetViewController.swift */; };
		98F0B2B626DF30A100B1B05D /* SinglePlayerSpreadsheetViewController.swift in Sources */ = {isa = PBXBuildFile; fileRef = 98F0B2B526DF30A100B1B05D /* SinglePlayerSpreadsheetViewController.swift */; };
		98FC0C7C26D752F600E1F6E4 /* StatisticsViewController.swift in Sources */ = {isa = PBXBuildFile; fileRef = 98FC0C7B26D752F600E1F6E4 /* StatisticsViewController.swift */; };
		98FC0C7E26D7573B00E1F6E4 /* StatisticsSpreadsheetViewController.swift in Sources */ = {isa = PBXBuildFile; fileRef = 98FC0C7D26D7573B00E1F6E4 /* StatisticsSpreadsheetViewController.swift */; };
		98FC0C8026D782A700E1F6E4 /* NotificationsViewController.swift in Sources */ = {isa = PBXBuildFile; fileRef = 98FC0C7F26D782A700E1F6E4 /* NotificationsViewController.swift */; };
		98FC0C8226D7853A00E1F6E4 /* NotificationsTableViewController.swift in Sources */ = {isa = PBXBuildFile; fileRef = 98FC0C8126D7853A00E1F6E4 /* NotificationsTableViewController.swift */; };
/* End PBXBuildFile section */

/* Begin PBXContainerItemProxy section */
		9810CF6226AF6E7000442CD1 /* PBXContainerItemProxy */ = {
			isa = PBXContainerItemProxy;
			containerPortal = 9810CF4326AF6E6900442CD1 /* Project object */;
			proxyType = 1;
			remoteGlobalIDString = 9810CF4A26AF6E6900442CD1;
			remoteInfo = "WNHL-App";
		};
		9810CF6D26AF6E7000442CD1 /* PBXContainerItemProxy */ = {
			isa = PBXContainerItemProxy;
			containerPortal = 9810CF4326AF6E6900442CD1 /* Project object */;
			proxyType = 1;
			remoteGlobalIDString = 9810CF4A26AF6E6900442CD1;
			remoteInfo = "WNHL-App";
		};
/* End PBXContainerItemProxy section */

/* Begin PBXFileReference section */
		9810CF4B26AF6E6900442CD1 /* WNHL-App.app */ = {isa = PBXFileReference; explicitFileType = wrapper.application; includeInIndex = 0; path = "WNHL-App.app"; sourceTree = BUILT_PRODUCTS_DIR; };
		9810CF4E26AF6E6900442CD1 /* AppDelegate.swift */ = {isa = PBXFileReference; lastKnownFileType = sourcecode.swift; path = AppDelegate.swift; sourceTree = "<group>"; };
		9810CF5026AF6E6900442CD1 /* SceneDelegate.swift */ = {isa = PBXFileReference; lastKnownFileType = sourcecode.swift; path = SceneDelegate.swift; sourceTree = "<group>"; };
		9810CF5226AF6E6900442CD1 /* HomeViewController.swift */ = {isa = PBXFileReference; lastKnownFileType = sourcecode.swift; path = HomeViewController.swift; sourceTree = "<group>"; };
		9810CF5526AF6E6900442CD1 /* Base */ = {isa = PBXFileReference; lastKnownFileType = file.storyboard; name = Base; path = Base.lproj/Main.storyboard; sourceTree = "<group>"; };
		9810CF5726AF6E6F00442CD1 /* Assets.xcassets */ = {isa = PBXFileReference; lastKnownFileType = folder.assetcatalog; path = Assets.xcassets; sourceTree = "<group>"; };
		9810CF5A26AF6E6F00442CD1 /* Base */ = {isa = PBXFileReference; lastKnownFileType = file.storyboard; name = Base; path = Base.lproj/LaunchScreen.storyboard; sourceTree = "<group>"; };
		9810CF5C26AF6E6F00442CD1 /* Info.plist */ = {isa = PBXFileReference; lastKnownFileType = text.plist.xml; path = Info.plist; sourceTree = "<group>"; };
		9810CF6126AF6E7000442CD1 /* WNHL-AppTests.xctest */ = {isa = PBXFileReference; explicitFileType = wrapper.cfbundle; includeInIndex = 0; path = "WNHL-AppTests.xctest"; sourceTree = BUILT_PRODUCTS_DIR; };
		9810CF6526AF6E7000442CD1 /* WNHL_AppTests.swift */ = {isa = PBXFileReference; lastKnownFileType = sourcecode.swift; path = WNHL_AppTests.swift; sourceTree = "<group>"; };
		9810CF6726AF6E7000442CD1 /* Info.plist */ = {isa = PBXFileReference; lastKnownFileType = text.plist.xml; path = Info.plist; sourceTree = "<group>"; };
		9810CF6C26AF6E7000442CD1 /* WNHL-AppUITests.xctest */ = {isa = PBXFileReference; explicitFileType = wrapper.cfbundle; includeInIndex = 0; path = "WNHL-AppUITests.xctest"; sourceTree = BUILT_PRODUCTS_DIR; };
		9810CF7026AF6E7000442CD1 /* WNHL_AppUITests.swift */ = {isa = PBXFileReference; lastKnownFileType = sourcecode.swift; path = WNHL_AppUITests.swift; sourceTree = "<group>"; };
		9810CF7226AF6E7000442CD1 /* Info.plist */ = {isa = PBXFileReference; lastKnownFileType = text.plist.xml; path = Info.plist; sourceTree = "<group>"; };
		9810CF8026B7BB0900442CD1 /* MoreViewController.swift */ = {isa = PBXFileReference; lastKnownFileType = sourcecode.swift; path = MoreViewController.swift; sourceTree = "<group>"; };
		9810CF8426B9B78500442CD1 /* TeamsViewController.swift */ = {isa = PBXFileReference; lastKnownFileType = sourcecode.swift; path = TeamsViewController.swift; sourceTree = "<group>"; };
		9810CF8626B9B7AE00442CD1 /* StandingsViewController.swift */ = {isa = PBXFileReference; lastKnownFileType = sourcecode.swift; path = StandingsViewController.swift; sourceTree = "<group>"; };
		9827C6BC26D482CE005A062B /* TeamTableViewController.swift */ = {isa = PBXFileReference; lastKnownFileType = sourcecode.swift; path = TeamTableViewController.swift; sourceTree = "<group>"; };
		9827C6BE26D4AFCC005A062B /* ScheduleTableViewController.swift */ = {isa = PBXFileReference; lastKnownFileType = sourcecode.swift; path = ScheduleTableViewController.swift; sourceTree = "<group>"; };
		9827C6C226D4E39C005A062B /* CustomTableCells.swift */ = {isa = PBXFileReference; lastKnownFileType = sourcecode.swift; path = CustomTableCells.swift; sourceTree = "<group>"; };
		982E765B26D5D9FD0050F2DA /* MoreTableViewController.swift */ = {isa = PBXFileReference; lastKnownFileType = sourcecode.swift; path = MoreTableViewController.swift; sourceTree = "<group>"; };
		982E765F26D5FBC60050F2DA /* PlayersViewController.swift */ = {isa = PBXFileReference; lastKnownFileType = sourcecode.swift; path = PlayersViewController.swift; sourceTree = "<group>"; };
		982E766126D5FE2D0050F2DA /* PlayersTableViewController.swift */ = {isa = PBXFileReference; lastKnownFileType = sourcecode.swift; path = PlayersTableViewController.swift; sourceTree = "<group>"; };
		9867B90B26DA0C2D008E09B8 /* SinglePlayerViewController.swift */ = {isa = PBXFileReference; lastKnownFileType = sourcecode.swift; path = SinglePlayerViewController.swift; sourceTree = "<group>"; };
		9867B90D26DA13F0008E09B8 /* SinglePlayerBackViewController.swift */ = {isa = PBXFileReference; lastKnownFileType = sourcecode.swift; path = SinglePlayerBackViewController.swift; sourceTree = "<group>"; };
		98A4D76626D853A100F77529 /* UpdateViewController.swift */ = {isa = PBXFileReference; lastKnownFileType = sourcecode.swift; path = UpdateViewController.swift; sourceTree = "<group>"; };
		98A4D76826D853B800F77529 /* UpdateTableViewController.swift */ = {isa = PBXFileReference; lastKnownFileType = sourcecode.swift; path = UpdateTableViewController.swift; sourceTree = "<group>"; };
		98A4D76A26D875F800F77529 /* SingleTeamViewController.swift */ = {isa = PBXFileReference; lastKnownFileType = sourcecode.swift; path = SingleTeamViewController.swift; sourceTree = "<group>"; };
		98A4D76C26D8A85400F77529 /* FirstSingleTeamSpreadsheetViewController.swift */ = {isa = PBXFileReference; lastKnownFileType = sourcecode.swift; path = FirstSingleTeamSpreadsheetViewController.swift; sourceTree = "<group>"; };
		98A4D76E26D8AA2800F77529 /* SingleTeamTableViewController.swift */ = {isa = PBXFileReference; lastKnownFileType = sourcecode.swift; path = SingleTeamTableViewController.swift; sourceTree = "<group>"; };
		98A4D77026D8B7B500F77529 /* SecondSingleTeamSpreadsheetViewController.swift */ = {isa = PBXFileReference; lastKnownFileType = sourcecode.swift; path = SecondSingleTeamSpreadsheetViewController.swift; sourceTree = "<group>"; };
		98C3987126C472D7007D226E /* CustomCollectionViewCells.swift */ = {isa = PBXFileReference; lastKnownFileType = sourcecode.swift; path = CustomCollectionViewCells.swift; sourceTree = "<group>"; };
		98C3987526C476F9007D226E /* SpreadsheetViewController.swift */ = {isa = PBXFileReference; lastKnownFileType = sourcecode.swift; path = SpreadsheetViewController.swift; sourceTree = "<group>"; };
		98F0B2B526DF30A100B1B05D /* SinglePlayerSpreadsheetViewController.swift */ = {isa = PBXFileReference; lastKnownFileType = sourcecode.swift; path = SinglePlayerSpreadsheetViewController.swift; sourceTree = "<group>"; };
		98FC0C7B26D752F600E1F6E4 /* StatisticsViewController.swift */ = {isa = PBXFileReference; lastKnownFileType = sourcecode.swift; path = StatisticsViewController.swift; sourceTree = "<group>"; };
		98FC0C7D26D7573B00E1F6E4 /* StatisticsSpreadsheetViewController.swift */ = {isa = PBXFileReference; lastKnownFileType = sourcecode.swift; path = StatisticsSpreadsheetViewController.swift; sourceTree = "<group>"; };
		98FC0C7F26D782A700E1F6E4 /* NotificationsViewController.swift */ = {isa = PBXFileReference; lastKnownFileType = sourcecode.swift; path = NotificationsViewController.swift; sourceTree = "<group>"; };
		98FC0C8126D7853A00E1F6E4 /* NotificationsTableViewController.swift */ = {isa = PBXFileReference; lastKnownFileType = sourcecode.swift; path = NotificationsTableViewController.swift; sourceTree = "<group>"; };
/* End PBXFileReference section */

/* Begin PBXFrameworksBuildPhase section */
		9810CF4826AF6E6900442CD1 /* Frameworks */ = {
			isa = PBXFrameworksBuildPhase;
			buildActionMask = 2147483647;
			files = (
			);
			runOnlyForDeploymentPostprocessing = 0;
		};
		9810CF5E26AF6E7000442CD1 /* Frameworks */ = {
			isa = PBXFrameworksBuildPhase;
			buildActionMask = 2147483647;
			files = (
			);
			runOnlyForDeploymentPostprocessing = 0;
		};
		9810CF6926AF6E7000442CD1 /* Frameworks */ = {
			isa = PBXFrameworksBuildPhase;
			buildActionMask = 2147483647;
			files = (
			);
			runOnlyForDeploymentPostprocessing = 0;
		};
/* End PBXFrameworksBuildPhase section */

/* Begin PBXGroup section */
		9810CF4226AF6E6900442CD1 = {
			isa = PBXGroup;
			children = (
				9810CF4D26AF6E6900442CD1 /* WNHL-App */,
				9810CF6426AF6E7000442CD1 /* WNHL-AppTests */,
				9810CF6F26AF6E7000442CD1 /* WNHL-AppUITests */,
				9810CF4C26AF6E6900442CD1 /* Products */,
			);
			sourceTree = "<group>";
		};
		9810CF4C26AF6E6900442CD1 /* Products */ = {
			isa = PBXGroup;
			children = (
				9810CF4B26AF6E6900442CD1 /* WNHL-App.app */,
				9810CF6126AF6E7000442CD1 /* WNHL-AppTests.xctest */,
				9810CF6C26AF6E7000442CD1 /* WNHL-AppUITests.xctest */,
			);
			name = Products;
			sourceTree = "<group>";
		};
		9810CF4D26AF6E6900442CD1 /* WNHL-App */ = {
			isa = PBXGroup;
			children = (
				9810CF4E26AF6E6900442CD1 /* AppDelegate.swift */,
				9810CF5026AF6E6900442CD1 /* SceneDelegate.swift */,
				9810CF5226AF6E6900442CD1 /* HomeViewController.swift */,
				9810CF5426AF6E6900442CD1 /* Main.storyboard */,
				98C3987526C476F9007D226E /* SpreadsheetViewController.swift */,
				98C3987126C472D7007D226E /* CustomCollectionViewCells.swift */,
				9810CF5726AF6E6F00442CD1 /* Assets.xcassets */,
				9810CF5926AF6E6F00442CD1 /* LaunchScreen.storyboard */,
				9810CF5C26AF6E6F00442CD1 /* Info.plist */,
				9810CF8026B7BB0900442CD1 /* MoreViewController.swift */,
				9810CF8426B9B78500442CD1 /* TeamsViewController.swift */,
				9810CF8626B9B7AE00442CD1 /* StandingsViewController.swift */,
				9827C6BC26D482CE005A062B /* TeamTableViewController.swift */,
				9827C6BE26D4AFCC005A062B /* ScheduleTableViewController.swift */,
				9827C6C226D4E39C005A062B /* CustomTableCells.swift */,
				982E765B26D5D9FD0050F2DA /* MoreTableViewController.swift */,
				982E765F26D5FBC60050F2DA /* PlayersViewController.swift */,
				982E766126D5FE2D0050F2DA /* PlayersTableViewController.swift */,
				98FC0C7B26D752F600E1F6E4 /* StatisticsViewController.swift */,
				98FC0C7D26D7573B00E1F6E4 /* StatisticsSpreadsheetViewController.swift */,
				98FC0C7F26D782A700E1F6E4 /* NotificationsViewController.swift */,
				98FC0C8126D7853A00E1F6E4 /* NotificationsTableViewController.swift */,
				98A4D76626D853A100F77529 /* UpdateViewController.swift */,
				98A4D76826D853B800F77529 /* UpdateTableViewController.swift */,
				98A4D76A26D875F800F77529 /* SingleTeamViewController.swift */,
				98A4D76C26D8A85400F77529 /* FirstSingleTeamSpreadsheetViewController.swift */,
				98A4D76E26D8AA2800F77529 /* SingleTeamTableViewController.swift */,
				98A4D77026D8B7B500F77529 /* SecondSingleTeamSpreadsheetViewController.swift */,
				9867B90B26DA0C2D008E09B8 /* SinglePlayerViewController.swift */,
				9867B90D26DA13F0008E09B8 /* SinglePlayerBackViewController.swift */,
				98F0B2B526DF30A100B1B05D /* SinglePlayerSpreadsheetViewController.swift */,
			);
			path = "WNHL-App";
			sourceTree = "<group>";
		};
		9810CF6426AF6E7000442CD1 /* WNHL-AppTests */ = {
			isa = PBXGroup;
			children = (
				9810CF6526AF6E7000442CD1 /* WNHL_AppTests.swift */,
				9810CF6726AF6E7000442CD1 /* Info.plist */,
			);
			path = "WNHL-AppTests";
			sourceTree = "<group>";
		};
		9810CF6F26AF6E7000442CD1 /* WNHL-AppUITests */ = {
			isa = PBXGroup;
			children = (
				9810CF7026AF6E7000442CD1 /* WNHL_AppUITests.swift */,
				9810CF7226AF6E7000442CD1 /* Info.plist */,
			);
			path = "WNHL-AppUITests";
			sourceTree = "<group>";
		};
/* End PBXGroup section */

/* Begin PBXNativeTarget section */
		9810CF4A26AF6E6900442CD1 /* WNHL-App */ = {
			isa = PBXNativeTarget;
			buildConfigurationList = 9810CF7526AF6E7000442CD1 /* Build configuration list for PBXNativeTarget "WNHL-App" */;
			buildPhases = (
				9810CF4726AF6E6900442CD1 /* Sources */,
				9810CF4826AF6E6900442CD1 /* Frameworks */,
				9810CF4926AF6E6900442CD1 /* Resources */,
			);
			buildRules = (
			);
			dependencies = (
			);
			name = "WNHL-App";
			productName = "WNHL-App";
			productReference = 9810CF4B26AF6E6900442CD1 /* WNHL-App.app */;
			productType = "com.apple.product-type.application";
		};
		9810CF6026AF6E7000442CD1 /* WNHL-AppTests */ = {
			isa = PBXNativeTarget;
			buildConfigurationList = 9810CF7826AF6E7000442CD1 /* Build configuration list for PBXNativeTarget "WNHL-AppTests" */;
			buildPhases = (
				9810CF5D26AF6E7000442CD1 /* Sources */,
				9810CF5E26AF6E7000442CD1 /* Frameworks */,
				9810CF5F26AF6E7000442CD1 /* Resources */,
			);
			buildRules = (
			);
			dependencies = (
				9810CF6326AF6E7000442CD1 /* PBXTargetDependency */,
			);
			name = "WNHL-AppTests";
			productName = "WNHL-AppTests";
			productReference = 9810CF6126AF6E7000442CD1 /* WNHL-AppTests.xctest */;
			productType = "com.apple.product-type.bundle.unit-test";
		};
		9810CF6B26AF6E7000442CD1 /* WNHL-AppUITests */ = {
			isa = PBXNativeTarget;
			buildConfigurationList = 9810CF7B26AF6E7000442CD1 /* Build configuration list for PBXNativeTarget "WNHL-AppUITests" */;
			buildPhases = (
				9810CF6826AF6E7000442CD1 /* Sources */,
				9810CF6926AF6E7000442CD1 /* Frameworks */,
				9810CF6A26AF6E7000442CD1 /* Resources */,
			);
			buildRules = (
			);
			dependencies = (
				9810CF6E26AF6E7000442CD1 /* PBXTargetDependency */,
			);
			name = "WNHL-AppUITests";
			productName = "WNHL-AppUITests";
			productReference = 9810CF6C26AF6E7000442CD1 /* WNHL-AppUITests.xctest */;
			productType = "com.apple.product-type.bundle.ui-testing";
		};
/* End PBXNativeTarget section */

/* Begin PBXProject section */
		9810CF4326AF6E6900442CD1 /* Project object */ = {
			isa = PBXProject;
			attributes = {
				LastSwiftUpdateCheck = 1250;
				LastUpgradeCheck = 1250;
				TargetAttributes = {
					9810CF4A26AF6E6900442CD1 = {
						CreatedOnToolsVersion = 12.5.1;
					};
					9810CF6026AF6E7000442CD1 = {
						CreatedOnToolsVersion = 12.5.1;
						TestTargetID = 9810CF4A26AF6E6900442CD1;
					};
					9810CF6B26AF6E7000442CD1 = {
						CreatedOnToolsVersion = 12.5.1;
						TestTargetID = 9810CF4A26AF6E6900442CD1;
					};
				};
			};
			buildConfigurationList = 9810CF4626AF6E6900442CD1 /* Build configuration list for PBXProject "WNHL-App" */;
			compatibilityVersion = "Xcode 9.3";
			developmentRegion = en;
			hasScannedForEncodings = 0;
			knownRegions = (
				en,
				Base,
			);
			mainGroup = 9810CF4226AF6E6900442CD1;
			productRefGroup = 9810CF4C26AF6E6900442CD1 /* Products */;
			projectDirPath = "";
			projectRoot = "";
			targets = (
				9810CF4A26AF6E6900442CD1 /* WNHL-App */,
				9810CF6026AF6E7000442CD1 /* WNHL-AppTests */,
				9810CF6B26AF6E7000442CD1 /* WNHL-AppUITests */,
			);
		};
/* End PBXProject section */

/* Begin PBXResourcesBuildPhase section */
		9810CF4926AF6E6900442CD1 /* Resources */ = {
			isa = PBXResourcesBuildPhase;
			buildActionMask = 2147483647;
			files = (
				9810CF5B26AF6E6F00442CD1 /* LaunchScreen.storyboard in Resources */,
				9810CF5826AF6E6F00442CD1 /* Assets.xcassets in Resources */,
				9810CF5626AF6E6900442CD1 /* Main.storyboard in Resources */,
			);
			runOnlyForDeploymentPostprocessing = 0;
		};
		9810CF5F26AF6E7000442CD1 /* Resources */ = {
			isa = PBXResourcesBuildPhase;
			buildActionMask = 2147483647;
			files = (
			);
			runOnlyForDeploymentPostprocessing = 0;
		};
		9810CF6A26AF6E7000442CD1 /* Resources */ = {
			isa = PBXResourcesBuildPhase;
			buildActionMask = 2147483647;
			files = (
			);
			runOnlyForDeploymentPostprocessing = 0;
		};
/* End PBXResourcesBuildPhase section */

/* Begin PBXSourcesBuildPhase section */
		9810CF4726AF6E6900442CD1 /* Sources */ = {
			isa = PBXSourcesBuildPhase;
			buildActionMask = 2147483647;
			files = (
				982E766026D5FBC60050F2DA /* PlayersViewController.swift in Sources */,
				9810CF5326AF6E6900442CD1 /* HomeViewController.swift in Sources */,
				98A4D76D26D8A85400F77529 /* FirstSingleTeamSpreadsheetViewController.swift in Sources */,
				98C3987626C476F9007D226E /* SpreadsheetViewController.swift in Sources */,
				9867B90C26DA0C2E008E09B8 /* SinglePlayerViewController.swift in Sources */,
				9827C6C326D4E39C005A062B /* CustomTableCells.swift in Sources */,
				98A4D76926D853B800F77529 /* UpdateTableViewController.swift in Sources */,
				98C3987226C472D7007D226E /* CustomCollectionViewCells.swift in Sources */,
				9810CF8126B7BB0900442CD1 /* MoreViewController.swift in Sources */,
				98FC0C7E26D7573B00E1F6E4 /* StatisticsSpreadsheetViewController.swift in Sources */,
				98FC0C7C26D752F600E1F6E4 /* StatisticsViewController.swift in Sources */,
				98A4D76F26D8AA2800F77529 /* SingleTeamTableViewController.swift in Sources */,
				98FC0C8226D7853A00E1F6E4 /* NotificationsTableViewController.swift in Sources */,
				9810CF8726B9B7AE00442CD1 /* StandingsViewController.swift in Sources */,
				98A4D76726D853A100F77529 /* UpdateViewController.swift in Sources */,
				98FC0C8026D782A700E1F6E4 /* NotificationsViewController.swift in Sources */,
				9827C6BD26D482CE005A062B /* TeamTableViewController.swift in Sources */,
				982E766226D5FE2D0050F2DA /* PlayersTableViewController.swift in Sources */,
				9867B90E26DA13F0008E09B8 /* SinglePlayerBackViewController.swift in Sources */,
				9827C6BF26D4AFCC005A062B /* ScheduleTableViewController.swift in Sources */,
				9810CF4F26AF6E6900442CD1 /* AppDelegate.swift in Sources */,
				9810CF8526B9B78500442CD1 /* TeamsViewController.swift in Sources */,
				98F0B2B626DF30A100B1B05D /* SinglePlayerSpreadsheetViewController.swift in Sources */,
				982E765C26D5D9FD0050F2DA /* MoreTableViewController.swift in Sources */,
				98A4D76B26D875F800F77529 /* SingleTeamViewController.swift in Sources */,
				98A4D77126D8B7B500F77529 /* SecondSingleTeamSpreadsheetViewController.swift in Sources */,
				9810CF5126AF6E6900442CD1 /* SceneDelegate.swift in Sources */,
			);
			runOnlyForDeploymentPostprocessing = 0;
		};
		9810CF5D26AF6E7000442CD1 /* Sources */ = {
			isa = PBXSourcesBuildPhase;
			buildActionMask = 2147483647;
			files = (
				9810CF6626AF6E7000442CD1 /* WNHL_AppTests.swift in Sources */,
			);
			runOnlyForDeploymentPostprocessing = 0;
		};
		9810CF6826AF6E7000442CD1 /* Sources */ = {
			isa = PBXSourcesBuildPhase;
			buildActionMask = 2147483647;
			files = (
				9810CF7126AF6E7000442CD1 /* WNHL_AppUITests.swift in Sources */,
			);
			runOnlyForDeploymentPostprocessing = 0;
		};
/* End PBXSourcesBuildPhase section */

/* Begin PBXTargetDependency section */
		9810CF6326AF6E7000442CD1 /* PBXTargetDependency */ = {
			isa = PBXTargetDependency;
			target = 9810CF4A26AF6E6900442CD1 /* WNHL-App */;
			targetProxy = 9810CF6226AF6E7000442CD1 /* PBXContainerItemProxy */;
		};
		9810CF6E26AF6E7000442CD1 /* PBXTargetDependency */ = {
			isa = PBXTargetDependency;
			target = 9810CF4A26AF6E6900442CD1 /* WNHL-App */;
			targetProxy = 9810CF6D26AF6E7000442CD1 /* PBXContainerItemProxy */;
		};
/* End PBXTargetDependency section */

/* Begin PBXVariantGroup section */
		9810CF5426AF6E6900442CD1 /* Main.storyboard */ = {
			isa = PBXVariantGroup;
			children = (
				9810CF5526AF6E6900442CD1 /* Base */,
			);
			name = Main.storyboard;
			sourceTree = "<group>";
		};
		9810CF5926AF6E6F00442CD1 /* LaunchScreen.storyboard */ = {
			isa = PBXVariantGroup;
			children = (
				9810CF5A26AF6E6F00442CD1 /* Base */,
			);
			name = LaunchScreen.storyboard;
			sourceTree = "<group>";
		};
/* End PBXVariantGroup section */

/* Begin XCBuildConfiguration section */
		9810CF7326AF6E7000442CD1 /* Debug */ = {
			isa = XCBuildConfiguration;
			buildSettings = {
				ALWAYS_SEARCH_USER_PATHS = NO;
				CLANG_ANALYZER_NONNULL = YES;
				CLANG_ANALYZER_NUMBER_OBJECT_CONVERSION = YES_AGGRESSIVE;
				CLANG_CXX_LANGUAGE_STANDARD = "gnu++14";
				CLANG_CXX_LIBRARY = "libc++";
				CLANG_ENABLE_MODULES = YES;
				CLANG_ENABLE_OBJC_ARC = YES;
				CLANG_ENABLE_OBJC_WEAK = YES;
				CLANG_WARN_BLOCK_CAPTURE_AUTORELEASING = YES;
				CLANG_WARN_BOOL_CONVERSION = YES;
				CLANG_WARN_COMMA = YES;
				CLANG_WARN_CONSTANT_CONVERSION = YES;
				CLANG_WARN_DEPRECATED_OBJC_IMPLEMENTATIONS = YES;
				CLANG_WARN_DIRECT_OBJC_ISA_USAGE = YES_ERROR;
				CLANG_WARN_DOCUMENTATION_COMMENTS = YES;
				CLANG_WARN_EMPTY_BODY = YES;
				CLANG_WARN_ENUM_CONVERSION = YES;
				CLANG_WARN_INFINITE_RECURSION = YES;
				CLANG_WARN_INT_CONVERSION = YES;
				CLANG_WARN_NON_LITERAL_NULL_CONVERSION = YES;
				CLANG_WARN_OBJC_IMPLICIT_RETAIN_SELF = YES;
				CLANG_WARN_OBJC_LITERAL_CONVERSION = YES;
				CLANG_WARN_OBJC_ROOT_CLASS = YES_ERROR;
				CLANG_WARN_QUOTED_INCLUDE_IN_FRAMEWORK_HEADER = YES;
				CLANG_WARN_RANGE_LOOP_ANALYSIS = YES;
				CLANG_WARN_STRICT_PROTOTYPES = YES;
				CLANG_WARN_SUSPICIOUS_MOVE = YES;
				CLANG_WARN_UNGUARDED_AVAILABILITY = YES_AGGRESSIVE;
				CLANG_WARN_UNREACHABLE_CODE = YES;
				CLANG_WARN__DUPLICATE_METHOD_MATCH = YES;
				COPY_PHASE_STRIP = NO;
				DEBUG_INFORMATION_FORMAT = dwarf;
				ENABLE_STRICT_OBJC_MSGSEND = YES;
				ENABLE_TESTABILITY = YES;
				GCC_C_LANGUAGE_STANDARD = gnu11;
				GCC_DYNAMIC_NO_PIC = NO;
				GCC_NO_COMMON_BLOCKS = YES;
				GCC_OPTIMIZATION_LEVEL = 0;
				GCC_PREPROCESSOR_DEFINITIONS = (
					"DEBUG=1",
					"$(inherited)",
				);
				GCC_WARN_64_TO_32_BIT_CONVERSION = YES;
				GCC_WARN_ABOUT_RETURN_TYPE = YES_ERROR;
				GCC_WARN_UNDECLARED_SELECTOR = YES;
				GCC_WARN_UNINITIALIZED_AUTOS = YES_AGGRESSIVE;
				GCC_WARN_UNUSED_FUNCTION = YES;
				GCC_WARN_UNUSED_VARIABLE = YES;
				IPHONEOS_DEPLOYMENT_TARGET = 14.5;
				MTL_ENABLE_DEBUG_INFO = INCLUDE_SOURCE;
				MTL_FAST_MATH = YES;
				ONLY_ACTIVE_ARCH = YES;
				SDKROOT = iphoneos;
				SWIFT_ACTIVE_COMPILATION_CONDITIONS = DEBUG;
				SWIFT_OPTIMIZATION_LEVEL = "-Onone";
			};
			name = Debug;
		};
		9810CF7426AF6E7000442CD1 /* Release */ = {
			isa = XCBuildConfiguration;
			buildSettings = {
				ALWAYS_SEARCH_USER_PATHS = NO;
				CLANG_ANALYZER_NONNULL = YES;
				CLANG_ANALYZER_NUMBER_OBJECT_CONVERSION = YES_AGGRESSIVE;
				CLANG_CXX_LANGUAGE_STANDARD = "gnu++14";
				CLANG_CXX_LIBRARY = "libc++";
				CLANG_ENABLE_MODULES = YES;
				CLANG_ENABLE_OBJC_ARC = YES;
				CLANG_ENABLE_OBJC_WEAK = YES;
				CLANG_WARN_BLOCK_CAPTURE_AUTORELEASING = YES;
				CLANG_WARN_BOOL_CONVERSION = YES;
				CLANG_WARN_COMMA = YES;
				CLANG_WARN_CONSTANT_CONVERSION = YES;
				CLANG_WARN_DEPRECATED_OBJC_IMPLEMENTATIONS = YES;
				CLANG_WARN_DIRECT_OBJC_ISA_USAGE = YES_ERROR;
				CLANG_WARN_DOCUMENTATION_COMMENTS = YES;
				CLANG_WARN_EMPTY_BODY = YES;
				CLANG_WARN_ENUM_CONVERSION = YES;
				CLANG_WARN_INFINITE_RECURSION = YES;
				CLANG_WARN_INT_CONVERSION = YES;
				CLANG_WARN_NON_LITERAL_NULL_CONVERSION = YES;
				CLANG_WARN_OBJC_IMPLICIT_RETAIN_SELF = YES;
				CLANG_WARN_OBJC_LITERAL_CONVERSION = YES;
				CLANG_WARN_OBJC_ROOT_CLASS = YES_ERROR;
				CLANG_WARN_QUOTED_INCLUDE_IN_FRAMEWORK_HEADER = YES;
				CLANG_WARN_RANGE_LOOP_ANALYSIS = YES;
				CLANG_WARN_STRICT_PROTOTYPES = YES;
				CLANG_WARN_SUSPICIOUS_MOVE = YES;
				CLANG_WARN_UNGUARDED_AVAILABILITY = YES_AGGRESSIVE;
				CLANG_WARN_UNREACHABLE_CODE = YES;
				CLANG_WARN__DUPLICATE_METHOD_MATCH = YES;
				COPY_PHASE_STRIP = NO;
				DEBUG_INFORMATION_FORMAT = "dwarf-with-dsym";
				ENABLE_NS_ASSERTIONS = NO;
				ENABLE_STRICT_OBJC_MSGSEND = YES;
				GCC_C_LANGUAGE_STANDARD = gnu11;
				GCC_NO_COMMON_BLOCKS = YES;
				GCC_WARN_64_TO_32_BIT_CONVERSION = YES;
				GCC_WARN_ABOUT_RETURN_TYPE = YES_ERROR;
				GCC_WARN_UNDECLARED_SELECTOR = YES;
				GCC_WARN_UNINITIALIZED_AUTOS = YES_AGGRESSIVE;
				GCC_WARN_UNUSED_FUNCTION = YES;
				GCC_WARN_UNUSED_VARIABLE = YES;
				IPHONEOS_DEPLOYMENT_TARGET = 14.5;
				MTL_ENABLE_DEBUG_INFO = NO;
				MTL_FAST_MATH = YES;
				SDKROOT = iphoneos;
				SWIFT_COMPILATION_MODE = wholemodule;
				SWIFT_OPTIMIZATION_LEVEL = "-O";
				VALIDATE_PRODUCT = YES;
			};
			name = Release;
		};
		9810CF7626AF6E7000442CD1 /* Debug */ = {
			isa = XCBuildConfiguration;
			buildSettings = {
				ASSETCATALOG_COMPILER_APPICON_NAME = AppIcon;
				ASSETCATALOG_COMPILER_GLOBAL_ACCENT_COLOR_NAME = AccentColor;
				CODE_SIGN_STYLE = Automatic;
				DEVELOPMENT_TEAM = XQPN64PD78;
				INFOPLIST_FILE = "WNHL-App/Info.plist";
				LD_RUNPATH_SEARCH_PATHS = (
					"$(inherited)",
					"@executable_path/Frameworks",
				);
				PRODUCT_BUNDLE_IDENTIFIER = "com.daniel.WNHL-App";
				PRODUCT_NAME = "$(TARGET_NAME)";
				SWIFT_VERSION = 5.0;
				TARGETED_DEVICE_FAMILY = "1,2";
			};
			name = Debug;
		};
		9810CF7726AF6E7000442CD1 /* Release */ = {
			isa = XCBuildConfiguration;
			buildSettings = {
				ASSETCATALOG_COMPILER_APPICON_NAME = AppIcon;
				ASSETCATALOG_COMPILER_GLOBAL_ACCENT_COLOR_NAME = AccentColor;
				CODE_SIGN_STYLE = Automatic;
				DEVELOPMENT_TEAM = XQPN64PD78;
				INFOPLIST_FILE = "WNHL-App/Info.plist";
				LD_RUNPATH_SEARCH_PATHS = (
					"$(inherited)",
					"@executable_path/Frameworks",
				);
				PRODUCT_BUNDLE_IDENTIFIER = "com.daniel.WNHL-App";
				PRODUCT_NAME = "$(TARGET_NAME)";
				SWIFT_VERSION = 5.0;
				TARGETED_DEVICE_FAMILY = "1,2";
			};
			name = Release;
		};
		9810CF7926AF6E7000442CD1 /* Debug */ = {
			isa = XCBuildConfiguration;
			buildSettings = {
				ALWAYS_EMBED_SWIFT_STANDARD_LIBRARIES = YES;
				BUNDLE_LOADER = "$(TEST_HOST)";
				CODE_SIGN_STYLE = Automatic;
				DEVELOPMENT_TEAM = XQPN64PD78;
				INFOPLIST_FILE = "WNHL-AppTests/Info.plist";
				IPHONEOS_DEPLOYMENT_TARGET = 14.5;
				LD_RUNPATH_SEARCH_PATHS = (
					"$(inherited)",
					"@executable_path/Frameworks",
					"@loader_path/Frameworks",
				);
				PRODUCT_BUNDLE_IDENTIFIER = "com.daniel.WNHL-AppTests";
				PRODUCT_NAME = "$(TARGET_NAME)";
				SWIFT_VERSION = 5.0;
				TARGETED_DEVICE_FAMILY = "1,2";
				TEST_HOST = "$(BUILT_PRODUCTS_DIR)/WNHL-App.app/WNHL-App";
			};
			name = Debug;
		};
		9810CF7A26AF6E7000442CD1 /* Release */ = {
			isa = XCBuildConfiguration;
			buildSettings = {
				ALWAYS_EMBED_SWIFT_STANDARD_LIBRARIES = YES;
				BUNDLE_LOADER = "$(TEST_HOST)";
				CODE_SIGN_STYLE = Automatic;
				DEVELOPMENT_TEAM = XQPN64PD78;
				INFOPLIST_FILE = "WNHL-AppTests/Info.plist";
				IPHONEOS_DEPLOYMENT_TARGET = 14.5;
				LD_RUNPATH_SEARCH_PATHS = (
					"$(inherited)",
					"@executable_path/Frameworks",
					"@loader_path/Frameworks",
				);
				PRODUCT_BUNDLE_IDENTIFIER = "com.daniel.WNHL-AppTests";
				PRODUCT_NAME = "$(TARGET_NAME)";
				SWIFT_VERSION = 5.0;
				TARGETED_DEVICE_FAMILY = "1,2";
				TEST_HOST = "$(BUILT_PRODUCTS_DIR)/WNHL-App.app/WNHL-App";
			};
			name = Release;
		};
		9810CF7C26AF6E7000442CD1 /* Debug */ = {
			isa = XCBuildConfiguration;
			buildSettings = {
				ALWAYS_EMBED_SWIFT_STANDARD_LIBRARIES = YES;
				CODE_SIGN_STYLE = Automatic;
				DEVELOPMENT_TEAM = XQPN64PD78;
				INFOPLIST_FILE = "WNHL-AppUITests/Info.plist";
				LD_RUNPATH_SEARCH_PATHS = (
					"$(inherited)",
					"@executable_path/Frameworks",
					"@loader_path/Frameworks",
				);
				PRODUCT_BUNDLE_IDENTIFIER = "com.daniel.WNHL-AppUITests";
				PRODUCT_NAME = "$(TARGET_NAME)";
				SWIFT_VERSION = 5.0;
				TARGETED_DEVICE_FAMILY = "1,2";
				TEST_TARGET_NAME = "WNHL-App";
			};
			name = Debug;
		};
		9810CF7D26AF6E7000442CD1 /* Release */ = {
			isa = XCBuildConfiguration;
			buildSettings = {
				ALWAYS_EMBED_SWIFT_STANDARD_LIBRARIES = YES;
				CODE_SIGN_STYLE = Automatic;
				DEVELOPMENT_TEAM = XQPN64PD78;
				INFOPLIST_FILE = "WNHL-AppUITests/Info.plist";
				LD_RUNPATH_SEARCH_PATHS = (
					"$(inherited)",
					"@executable_path/Frameworks",
					"@loader_path/Frameworks",
				);
				PRODUCT_BUNDLE_IDENTIFIER = "com.daniel.WNHL-AppUITests";
				PRODUCT_NAME = "$(TARGET_NAME)";
				SWIFT_VERSION = 5.0;
				TARGETED_DEVICE_FAMILY = "1,2";
				TEST_TARGET_NAME = "WNHL-App";
			};
			name = Release;
		};
/* End XCBuildConfiguration section */

/* Begin XCConfigurationList section */
		9810CF4626AF6E6900442CD1 /* Build configuration list for PBXProject "WNHL-App" */ = {
			isa = XCConfigurationList;
			buildConfigurations = (
				9810CF7326AF6E7000442CD1 /* Debug */,
				9810CF7426AF6E7000442CD1 /* Release */,
			);
			defaultConfigurationIsVisible = 0;
			defaultConfigurationName = Release;
		};
		9810CF7526AF6E7000442CD1 /* Build configuration list for PBXNativeTarget "WNHL-App" */ = {
			isa = XCConfigurationList;
			buildConfigurations = (
				9810CF7626AF6E7000442CD1 /* Debug */,
				9810CF7726AF6E7000442CD1 /* Release */,
			);
			defaultConfigurationIsVisible = 0;
			defaultConfigurationName = Release;
		};
		9810CF7826AF6E7000442CD1 /* Build configuration list for PBXNativeTarget "WNHL-AppTests" */ = {
			isa = XCConfigurationList;
			buildConfigurations = (
				9810CF7926AF6E7000442CD1 /* Debug */,
				9810CF7A26AF6E7000442CD1 /* Release */,
			);
			defaultConfigurationIsVisible = 0;
			defaultConfigurationName = Release;
		};
		9810CF7B26AF6E7000442CD1 /* Build configuration list for PBXNativeTarget "WNHL-AppUITests" */ = {
			isa = XCConfigurationList;
			buildConfigurations = (
				9810CF7C26AF6E7000442CD1 /* Debug */,
				9810CF7D26AF6E7000442CD1 /* Release */,
			);
			defaultConfigurationIsVisible = 0;
			defaultConfigurationName = Release;
		};
/* End XCConfigurationList section */
	};
	rootObject = 9810CF4326AF6E6900442CD1 /* Project object */;
}
